
Microsoft Visual Studio Solution File, Format Version 12.00
# Visual Studio Version 16
VisualStudioVersion = 16.0.30128.74
MinimumVisualStudioVersion = 10.0.40219.1
Project("{FAE04EC0-301F-11D3-BF4B-00C04F79EFBC}") = "ImageBox.Android", "ImageBox\ImageBox.Android\ImageBox.Android.csproj", "{C1A9C3BC-CBA5-4FD4-99E9-1AF3FDE0BDD7}"
EndProject
Project("{FAE04EC0-301F-11D3-BF4B-00C04F79EFBC}") = "ImageBox.iOS", "ImageBox\ImageBox.iOS\ImageBox.iOS.csproj", "{CFDC7D9B-8AD0-46D1-8E50-C15FCC688987}"
EndProject
Project("{FAE04EC0-301F-11D3-BF4B-00C04F79EFBC}") = "ImageBox", "ImageBox\ImageBox\ImageBox.csproj", "{E540BABD-A492-439C-9D4F-BBB0F4C0090E}"
EndProject
Global
	GlobalSection(SolutionConfigurationPlatforms) = preSolution
		Debug|Any CPU = Debug|Any CPU
		Debug|iPhone = Debug|iPhone
		Debug|iPhoneSimulator = Debug|iPhoneSimulator
		Release|Any CPU = Release|Any CPU
		Release|iPhone = Release|iPhone
		Release|iPhoneSimulator = Release|iPhoneSimulator
	EndGlobalSection
	GlobalSection(ProjectConfigurationPlatforms) = postSolution
		{C1A9C3BC-CBA5-4FD4-99E9-1AF3FDE0BDD7}.Debug|Any CPU.ActiveCfg = Debug|Any CPU
		{C1A9C3BC-CBA5-4FD4-99E9-1AF3FDE0BDD7}.Debug|Any CPU.Build.0 = Debug|Any CPU
		{C1A9C3BC-CBA5-4FD4-99E9-1AF3FDE0BDD7}.Debug|Any CPU.Deploy.0 = Debug|Any CPU
		{C1A9C3BC-CBA5-4FD4-99E9-1AF3FDE0BDD7}.Debug|iPhone.ActiveCfg = Debug|Any CPU
		{C1A9C3BC-CBA5-4FD4-99E9-1AF3FDE0BDD7}.Debug|iPhone.Build.0 = Debug|Any CPU
		{C1A9C3BC-CBA5-4FD4-99E9-1AF3FDE0BDD7}.Debug|iPhone.Deploy.0 = Debug|Any CPU
		{C1A9C3BC-CBA5-4FD4-99E9-1AF3FDE0BDD7}.Debug|iPhoneSimulator.ActiveCfg = Debug|Any CPU
		{C1A9C3BC-CBA5-4FD4-99E9-1AF3FDE0BDD7}.Debug|iPhoneSimulator.Build.0 = Debug|Any CPU
		{C1A9C3BC-CBA5-4FD4-99E9-1AF3FDE0BDD7}.Debug|iPhoneSimulator.Deploy.0 = Debug|Any CPU
		{C1A9C3BC-CBA5-4FD4-99E9-1AF3FDE0BDD7}.Release|Any CPU.ActiveCfg = Release|Any CPU
		{C1A9C3BC-CBA5-4FD4-99E9-1AF3FDE0BDD7}.Release|Any CPU.Build.0 = Release|Any CPU
		{C1A9C3BC-CBA5-4FD4-99E9-1AF3FDE0BDD7}.Release|Any CPU.Deploy.0 = Release|Any CPU
		{C1A9C3BC-CBA5-4FD4-99E9-1AF3FDE0BDD7}.Release|iPhone.ActiveCfg = Release|Any CPU
		{C1A9C3BC-CBA5-4FD4-99E9-1AF3FDE0BDD7}.Release|iPhone.Build.0 = Release|Any CPU
		{C1A9C3BC-CBA5-4FD4-99E9-1AF3FDE0BDD7}.Release|iPhone.Deploy.0 = Release|Any CPU
		{C1A9C3BC-CBA5-4FD4-99E9-1AF3FDE0BDD7}.Release|iPhoneSimulator.ActiveCfg = Release|Any CPU
		{C1A9C3BC-CBA5-4FD4-99E9-1AF3FDE0BDD7}.Release|iPhoneSimulator.Build.0 = Release|Any CPU
		{C1A9C3BC-CBA5-4FD4-99E9-1AF3FDE0BDD7}.Release|iPhoneSimulator.Deploy.0 = Release|Any CPU
		{CFDC7D9B-8AD0-46D1-8E50-C15FCC688987}.Debug|Any CPU.ActiveCfg = Debug|iPhone
		{CFDC7D9B-8AD0-46D1-8E50-C15FCC688987}.Debug|Any CPU.Build.0 = Debug|iPhone
		{CFDC7D9B-8AD0-46D1-8E50-C15FCC688987}.Debug|Any CPU.Deploy.0 = Debug|iPhone
		{CFDC7D9B-8AD0-46D1-8E50-C15FCC688987}.Debug|iPhone.ActiveCfg = Debug|iPhone
		{CFDC7D9B-8AD0-46D1-8E50-C15FCC688987}.Debug|iPhone.Build.0 = Debug|iPhone
		{CFDC7D9B-8AD0-46D1-8E50-C15FCC688987}.Debug|iPhone.Deploy.0 = Debug|iPhone
		{CFDC7D9B-8AD0-46D1-8E50-C15FCC688987}.Debug|iPhoneSimulator.ActiveCfg = Debug|iPhoneSimulator
		{CFDC7D9B-8AD0-46D1-8E50-C15FCC688987}.Debug|iPhoneSimulator.Build.0 = Debug|iPhoneSimulator
		{CFDC7D9B-8AD0-46D1-8E50-C15FCC688987}.Debug|iPhoneSimulator.Deploy.0 = Debug|iPhoneSimulator
		{CFDC7D9B-8AD0-46D1-8E50-C15FCC688987}.Release|Any CPU.ActiveCfg = Release|iPhone
		{CFDC7D9B-8AD0-46D1-8E50-C15FCC688987}.Release|Any CPU.Build.0 = Release|iPhone
		{CFDC7D9B-8AD0-46D1-8E50-C15FCC688987}.Release|Any CPU.Deploy.0 = Release|iPhone
		{CFDC7D9B-8AD0-46D1-8E50-C15FCC688987}.Release|iPhone.ActiveCfg = Release|iPhone
		{CFDC7D9B-8AD0-46D1-8E50-C15FCC688987}.Release|iPhone.Build.0 = Release|iPhone
		{CFDC7D9B-8AD0-46D1-8E50-C15FCC688987}.Release|iPhone.Deploy.0 = Release|iPhone
		{CFDC7D9B-8AD0-46D1-8E50-C15FCC688987}.Release|iPhoneSimulator.ActiveCfg = Release|iPhoneSimulator
		{CFDC7D9B-8AD0-46D1-8E50-C15FCC688987}.Release|iPhoneSimulator.Build.0 = Release|iPhoneSimulator
		{CFDC7D9B-8AD0-46D1-8E50-C15FCC688987}.Release|iPhoneSimulator.Deploy.0 = Release|iPhoneSimulator
		{E540BABD-A492-439C-9D4F-BBB0F4C0090E}.Debug|Any CPU.ActiveCfg = Debug|Any CPU
		{E540BABD-A492-439C-9D4F-BBB0F4C0090E}.Debug|Any CPU.Build.0 = Debug|Any CPU
		{E540BABD-A492-439C-9D4F-BBB0F4C0090E}.Debug|Any CPU.Deploy.0 = Debug|Any CPU
		{E540BABD-A492-439C-9D4F-BBB0F4C0090E}.Debug|iPhone.ActiveCfg = Debug|Any CPU
		{E540BABD-A492-439C-9D4F-BBB0F4C0090E}.Debug|iPhone.Build.0 = Debug|Any CPU
		{E540BABD-A492-439C-9D4F-BBB0F4C0090E}.Debug|iPhone.Deploy.0 = Debug|Any CPU
		{E540BABD-A492-439C-9D4F-BBB0F4C0090E}.Debug|iPhoneSimulator.ActiveCfg = Debug|Any CPU
		{E540BABD-A492-439C-9D4F-BBB0F4C0090E}.Debug|iPhoneSimulator.Build.0 = Debug|Any CPU
		{E540BABD-A492-439C-9D4F-BBB0F4C0090E}.Debug|iPhoneSimulator.Deploy.0 = Debug|Any CPU
		{E540BABD-A492-439C-9D4F-BBB0F4C0090E}.Release|Any CPU.ActiveCfg = Release|Any CPU
		{E540BABD-A492-439C-9D4F-BBB0F4C0090E}.Release|Any CPU.Build.0 = Release|Any CPU
		{E540BABD-A492-439C-9D4F-BBB0F4C0090E}.Release|Any CPU.Deploy.0 = Release|Any CPU
		{E540BABD-A492-439C-9D4F-BBB0F4C0090E}.Release|iPhone.ActiveCfg = Release|Any CPU
		{E540BABD-A492-439C-9D4F-BBB0F4C0090E}.Release|iPhone.Build.0 = Release|Any CPU
		{E540BABD-A492-439C-9D4F-BBB0F4C0090E}.Release|iPhone.Deploy.0 = Release|Any CPU
		{E540BABD-A492-439C-9D4F-BBB0F4C0090E}.Release|iPhoneSimulator.ActiveCfg = Release|Any CPU
		{E540BABD-A492-439C-9D4F-BBB0F4C0090E}.Release|iPhoneSimulator.Build.0 = Release|Any CPU
		{E540BABD-A492-439C-9D4F-BBB0F4C0090E}.Release|iPhoneSimulator.Deploy.0 = Release|Any CPU
	EndGlobalSection
	GlobalSection(SolutionProperties) = preSolution
		HideSolutionNode = FALSE
	EndGlobalSection
	GlobalSection(ExtensibilityGlobals) = postSolution
		SolutionGuid = {64021A38-6B8B-435B-BDC6-D569F346BAD4}
	EndGlobalSection
EndGlobal
